
Microsoft Visual Studio Solution File, Format Version 12.00
# Visual Studio 2013
VisualStudioVersion = 12.0.21005.1
MinimumVisualStudioVersion = 10.0.40219.1
Project("{FAE04EC0-301F-11D3-BF4B-00C04F79EFBC}") = "BioscoopSysteemTouch.WebUI", "BioscoopSysteemTouch.WebUI\BioscoopSysteemTouch.WebUI.csproj", "{91767865-E07D-4ED7-A56F-E861826EBA07}"
EndProject
Project("{FAE04EC0-301F-11D3-BF4B-00C04F79EFBC}") = "BioscoopSysteemTouch.Testing", "BioscoopSysteemTouch.Testing\BioscoopSysteemTouch.Testing.csproj", "{F116248A-DBEF-459D-908B-CCD77DB7F585}"
EndProject
Project("{FAE04EC0-301F-11D3-BF4B-00C04F79EFBC}") = "BioscoopSysteemWebsite.Domain", "..\BioscoopSysteemWebsite\BioscoopSysteemWebsite.Domain\BioscoopSysteemWebsite.Domain.csproj", "{5379B036-D6D9-48BB-8788-300A609F031B}"
EndProject
Global
	GlobalSection(SolutionConfigurationPlatforms) = preSolution
		Debug|Any CPU = Debug|Any CPU
		Release|Any CPU = Release|Any CPU
	EndGlobalSection
	GlobalSection(ProjectConfigurationPlatforms) = postSolution
		{91767865-E07D-4ED7-A56F-E861826EBA07}.Debug|Any CPU.ActiveCfg = Debug|Any CPU
		{91767865-E07D-4ED7-A56F-E861826EBA07}.Debug|Any CPU.Build.0 = Debug|Any CPU
		{91767865-E07D-4ED7-A56F-E861826EBA07}.Release|Any CPU.ActiveCfg = Release|Any CPU
		{91767865-E07D-4ED7-A56F-E861826EBA07}.Release|Any CPU.Build.0 = Release|Any CPU
		{F116248A-DBEF-459D-908B-CCD77DB7F585}.Debug|Any CPU.ActiveCfg = Debug|Any CPU
		{F116248A-DBEF-459D-908B-CCD77DB7F585}.Debug|Any CPU.Build.0 = Debug|Any CPU
		{F116248A-DBEF-459D-908B-CCD77DB7F585}.Release|Any CPU.ActiveCfg = Release|Any CPU
		{F116248A-DBEF-459D-908B-CCD77DB7F585}.Release|Any CPU.Build.0 = Release|Any CPU
		{5379B036-D6D9-48BB-8788-300A609F031B}.Debug|Any CPU.ActiveCfg = Debug|Any CPU
		{5379B036-D6D9-48BB-8788-300A609F031B}.Debug|Any CPU.Build.0 = Debug|Any CPU
		{5379B036-D6D9-48BB-8788-300A609F031B}.Release|Any CPU.ActiveCfg = Release|Any CPU
		{5379B036-D6D9-48BB-8788-300A609F031B}.Release|Any CPU.Build.0 = Release|Any CPU
	EndGlobalSection
	GlobalSection(SolutionProperties) = preSolution
		HideSolutionNode = FALSE
	EndGlobalSection
EndGlobal
